
Microsoft Visual Studio Solution File, Format Version 12.00
# Visual Studio Version 16
VisualStudioVersion = 16.0.31112.23
MinimumVisualStudioVersion = 10.0.40219.1
Project("{FAE04EC0-301F-11D3-BF4B-00C04F79EFBC}") = "HoangHuyTuan_5951071116", "HoangHuyTuan_5951071116\HoangHuyTuan_5951071116.csproj", "{DB5BBCA5-96FC-4C30-839D-7CA95C4A8DD5}"
EndProject
Global
	GlobalSection(SolutionConfigurationPlatforms) = preSolution
		Debug|Any CPU = Debug|Any CPU
		Release|Any CPU = Release|Any CPU
	EndGlobalSection
	GlobalSection(ProjectConfigurationPlatforms) = postSolution
		{DB5BBCA5-96FC-4C30-839D-7CA95C4A8DD5}.Debug|Any CPU.ActiveCfg = Debug|Any CPU
		{DB5BBCA5-96FC-4C30-839D-7CA95C4A8DD5}.Debug|Any CPU.Build.0 = Debug|Any CPU
		{DB5BBCA5-96FC-4C30-839D-7CA95C4A8DD5}.Release|Any CPU.ActiveCfg = Release|Any CPU
		{DB5BBCA5-96FC-4C30-839D-7CA95C4A8DD5}.Release|Any CPU.Build.0 = Release|Any CPU
	EndGlobalSection
	GlobalSection(SolutionProperties) = preSolution
		HideSolutionNode = FALSE
	EndGlobalSection
	GlobalSection(ExtensibilityGlobals) = postSolution
		SolutionGuid = {C3D76D19-D08E-4EA4-9A14-8EF2A500BCCB}
	EndGlobalSection
EndGlobal
